# This file was autogenerated by uv via the following command:
#    uv pip compile requirements-training.in --python-version 3.12 --python-platform x86_64-unknown-linux-gnu --output-file requirements-training.lock
absl-py==2.5.0
    # via rouge-score
accelerate==1.15.0
    # via
    #   peft
    #   trl
    #   unsloth
    #   unsloth-zoo
aiohappyeyeballs==2.7.1
    # via aiohttp
aiohttp==3.14.4
    # via fsspec
aiosignal==1.4.0
    # via aiohttp
annotated-doc==0.0.5
    # via typer
annotated-types==0.8.0
    # via pydantic
anyio==4.15.1
    # via httpx
attrs==26.1.0
    # via aiohttp
bert-score==0.3.13
    # via -r requirements-training.in
bitsandbytes==0.50.2
    # via unsloth
certifi==2026.7.22
    # via
    #   httpcore
    #   httpx
    #   requests
charset-normalizer==3.5.2
    # via requests
click==8.5.0
    # via
    #   nltk
    #   unsloth
cloudpickle==3.1.2
    # via joblib
contourpy==1.4.0
    # via matplotlib
coverage==7.16.2
    # via pytest-cov
cut-cross-entropy==25.1.1
    # via unsloth-zoo
cycler==0.12.1
    # via matplotlib
datasets==4.3.0
    # via
    #   -r requirements-training.in
    #   evaluate
    #   trl
    #   unsloth
    #   unsloth-zoo
defusedxml==0.7.1
    # via nltk
diffusers==0.39.0
    # via unsloth
dill==0.4.0
    # via
    #   datasets
    #   evaluate
    #   multiprocess
docstring-parser==0.18.0
    # via tyro
evaluate==0.4.6
    # via -r requirements-training.in
filelock==4.0.12
    # via
    #   datasets
    #   diffusers
    #   huggingface-hub
    #   torch
    #   transformers
    #   unsloth-zoo
fonttools==4.66.1
    # via matplotlib
frozenlist==1.8.0
    # via
    #   aiohttp
    #   aiosignal
fsspec==2025.9.0
    # via
    #   datasets
    #   evaluate
    #   huggingface-hub
    #   torch
h11==0.16.0
    # via httpcore
hf-transfer==0.1.9
    # via
    #   unsloth
    #   unsloth-zoo
hf-xet==1.7.0
    # via huggingface-hub
httpcore==1.0.9
    # via httpx
httpx==0.28.1
    # via
    #   datasets
    #   diffusers
huggingface-hub==0.36.2
    # via
    #   accelerate
    #   datasets
    #   diffusers
    #   evaluate
    #   peft
    #   tokenizers
    #   transformers
    #   unsloth
    #   unsloth-zoo
idna==3.20
    # via
    #   anyio
    #   httpx
    #   requests
    #   yarl
importlib-metadata==9.0.1
    # via diffusers
iniconfig==2.3.1
    # via pytest
jinja2==3.1.6
    # via torch
joblib==1.6.0
    # via nltk
kiwisolver==1.5.1
    # via matplotlib
markdown-it-py==4.2.0
    # via rich
markupsafe==3.0.4
    # via jinja2
matplotlib==3.11.2
    # via bert-score
mdurl==0.1.2
    # via markdown-it-py
mpmath==1.3.0
    # via sympy
msgspec==0.22.0
    # via unsloth-zoo
multidict==6.9.1
    # via
    #   aiohttp
    #   yarl
multiprocess==0.70.16
    # via
    #   datasets
    #   evaluate
nest-asyncio==1.6.0
    # via unsloth
networkx==3.7
    # via torch
nltk==3.10.3
    # via rouge-score
numpy==2.5.3
    # via
    #   accelerate
    #   bert-score
    #   bitsandbytes
    #   contourpy
    #   datasets
    #   diffusers
    #   evaluate
    #   matplotlib
    #   pandas
    #   peft
    #   rouge-score
    #   torchvision
    #   transformers
    #   unsloth
    #   unsloth-zoo
    #   xformers
nvidia-cublas-cu12==12.8.4.1
    # via
    #   nvidia-cudnn-cu12
    #   nvidia-cusolver-cu12
    #   torch
nvidia-cuda-cupti-cu12==12.8.90
    # via torch
nvidia-cuda-nvrtc-cu12==12.8.93
    # via torch
nvidia-cuda-runtime-cu12==12.8.90
    # via torch
nvidia-cudnn-cu12==9.10.2.21
    # via torch
nvidia-cufft-cu12==11.3.3.83
    # via torch
nvidia-cufile-cu12==1.13.1.3
    # via torch
nvidia-curand-cu12==10.3.9.90
    # via torch
nvidia-cusolver-cu12==11.7.3.90
    # via torch
nvidia-cusparse-cu12==12.5.8.93
    # via
    #   nvidia-cusolver-cu12
    #   torch
nvidia-cusparselt-cu12==0.7.1
    # via torch
nvidia-nccl-cu12==2.27.5
    # via torch
nvidia-nvjitlink-cu12==12.8.93
    # via
    #   nvidia-cufft-cu12
    #   nvidia-cusolver-cu12
    #   nvidia-cusparse-cu12
    #   torch
nvidia-nvshmem-cu12==3.3.20
    # via torch
nvidia-nvtx-cu12==12.8.90
    # via torch
packaging==26.3
    # via
    #   accelerate
    #   bert-score
    #   bitsandbytes
    #   datasets
    #   evaluate
    #   huggingface-hub
    #   matplotlib
    #   peft
    #   pytest
    #   transformers
    #   unsloth
    #   unsloth-zoo
    #   wheel
pandas==3.0.6
    # via
    #   bert-score
    #   datasets
    #   evaluate
peft==0.18.0
    # via
    #   -r requirements-training.in
    #   unsloth
    #   unsloth-zoo
pillow==12.3.0
    # via
    #   diffusers
    #   matplotlib
    #   torchvision
    #   unsloth-zoo
pluggy==1.6.0
    # via
    #   pytest
    #   pytest-cov
propcache==0.5.4
    # via
    #   aiohttp
    #   yarl
protobuf==3.20.3
    # via
    #   unsloth
    #   unsloth-zoo
psutil==7.2.2
    # via
    #   accelerate
    #   peft
    #   unsloth
    #   unsloth-zoo
pyarrow==25.0.1
    # via datasets
pydantic==2.13.5
    # via unsloth
pydantic-core==2.46.5
    # via pydantic
pygments==2.21.0
    # via
    #   pytest
    #   rich
pyparsing==3.3.3
    # via matplotlib
pytest==9.1.1
    # via
    #   -r requirements-training.in
    #   pytest-cov
pytest-cov==7.1.0
    # via -r requirements-training.in
python-dateutil==2.9.0.post0
    # via
    #   matplotlib
    #   pandas
pyyaml==6.0.3
    # via
    #   accelerate
    #   datasets
    #   huggingface-hub
    #   peft
    #   transformers
    #   unsloth
regex==2026.9.29
    # via
    #   diffusers
    #   nltk
    #   transformers
    #   unsloth-zoo
requests==2.34.2
    # via
    #   bert-score
    #   datasets
    #   diffusers
    #   evaluate
    #   huggingface-hub
    #   transformers
    #   unsloth-zoo
rich==15.0.0
    # via
    #   typer
    #   unsloth
rouge-score==0.1.2
    # via -r requirements-training.in
safetensors==0.8.0
    # via
    #   accelerate
    #   diffusers
    #   peft
    #   transformers
sentencepiece==0.2.2
    # via
    #   unsloth
    #   unsloth-zoo
setuptools==84.0.0
    # via torch
shellingham==1.5.4
    # via typer
six==1.17.0
    # via
    #   python-dateutil
    #   rouge-score
structlog==26.1.0
    # via unsloth
sympy==1.14.0
    # via torch
tokenizers==0.22.2
    # via transformers
torch==2.9.1
    # via
    #   -r requirements-training.in
    #   accelerate
    #   bert-score
    #   bitsandbytes
    #   cut-cross-entropy
    #   peft
    #   torchvision
    #   unsloth
    #   unsloth-zoo
    #   xformers
torchao==0.14.1
    # via
    #   -r requirements-training.in
    #   unsloth-zoo
torchvision==0.24.1
    # via unsloth
tqdm==4.70.1
    # via
    #   bert-score
    #   datasets
    #   evaluate
    #   huggingface-hub
    #   nltk
    #   peft
    #   transformers
    #   unsloth
    #   unsloth-zoo
transformers==4.57.6
    # via
    #   -r requirements-training.in
    #   bert-score
    #   peft
    #   trl
    #   unsloth
    #   unsloth-zoo
triton==3.5.1
    # via
    #   cut-cross-entropy
    #   torch
    #   unsloth
    #   unsloth-zoo
trl==0.22.2
    # via
    #   -r requirements-training.in
    #   unsloth
    #   unsloth-zoo
typeguard==4.6.0
    # via tyro
typer==0.27.3
    # via unsloth
typing-extensions==4.16.0
    # via
    #   aiohttp
    #   aiosignal
    #   anyio
    #   huggingface-hub
    #   pydantic
    #   pydantic-core
    #   torch
    #   typeguard
    #   typing-inspection
    #   tyro
    #   unsloth-zoo
typing-inspection==0.4.4
    # via pydantic
tyro==1.0.16
    # via
    #   unsloth
    #   unsloth-zoo
unsloth==2026.10.1
    # via -r requirements-training.in
unsloth-zoo==2026.10.1
    # via
    #   -r requirements-training.in
    #   unsloth
urllib3==2.8.0
    # via requests
wheel==0.48.0
    # via
    #   unsloth
    #   unsloth-zoo
xformers==0.0.33.post2
    # via
    #   -r requirements-training.in
    #   unsloth
xxhash==4.0.1
    # via
    #   datasets
    #   evaluate
yarl==1.25.1
    # via aiohttp
zipp==4.1.1
    # via importlib-metadata
